
Microsoft Visual Studio Solution File, Format Version 12.00
# Visual Studio Version 17
VisualStudioVersion = 17.14.36414.22
MinimumVisualStudioVersion = 10.0.40219.1
Project("{FAE04EC0-301F-11D3-BF4B-00C04F79EFBC}") = "EXE", "EXE\EXE.csproj", "{8673AEE2-C8ED-4841-A3E2-6B7EEF90FDB5}"
EndProject
Global
	GlobalSection(SolutionConfigurationPlatforms) = preSolution
		Debug|Any CPU = Debug|Any CPU
		Release|Any CPU = Release|Any CPU
	EndGlobalSection
	GlobalSection(ProjectConfigurationPlatforms) = postSolution
		{8673AEE2-C8ED-4841-A3E2-6B7EEF90FDB5}.Debug|Any CPU.ActiveCfg = Debug|Any CPU
		{8673AEE2-C8ED-4841-A3E2-6B7EEF90FDB5}.Debug|Any CPU.Build.0 = Debug|Any CPU
		{8673AEE2-C8ED-4841-A3E2-6B7EEF90FDB5}.Release|Any CPU.ActiveCfg = Release|Any CPU
		{8673AEE2-C8ED-4841-A3E2-6B7EEF90FDB5}.Release|Any CPU.Build.0 = Release|Any CPU
	EndGlobalSection
	GlobalSection(SolutionProperties) = preSolution
		HideSolutionNode = FALSE
	EndGlobalSection
	GlobalSection(ExtensibilityGlobals) = postSolution
		SolutionGuid = {BF60312E-02A1-4934-B589-8A70EE8526AA}
	EndGlobalSection
EndGlobal
